
Microsoft Visual Studio Solution File, Format Version 12.00
# Visual Studio Version 16
VisualStudioVersion = 16.0.28407.52
MinimumVisualStudioVersion = 10.0.40219.1
Project("{FAE04EC0-301F-11D3-BF4B-00C04F79EFBC}") = "STALKER_JP", "STALKER_JP\STALKER_JP.csproj", "{166B58D6-F6BB-496D-AE45-61E203AB0882}"
EndProject
Project("{FAE04EC0-301F-11D3-BF4B-00C04F79EFBC}") = "xml2xls", "xml2xls\xml2xls.csproj", "{2F072F9F-BD02-4470-A19A-FC3D5D76F858}"
EndProject
Global
	GlobalSection(SolutionConfigurationPlatforms) = preSolution
		Debug|Any CPU = Debug|Any CPU
		Release|Any CPU = Release|Any CPU
	EndGlobalSection
	GlobalSection(ProjectConfigurationPlatforms) = postSolution
		{166B58D6-F6BB-496D-AE45-61E203AB0882}.Debug|Any CPU.ActiveCfg = Debug|Any CPU
		{166B58D6-F6BB-496D-AE45-61E203AB0882}.Debug|Any CPU.Build.0 = Debug|Any CPU
		{166B58D6-F6BB-496D-AE45-61E203AB0882}.Release|Any CPU.ActiveCfg = Release|Any CPU
		{166B58D6-F6BB-496D-AE45-61E203AB0882}.Release|Any CPU.Build.0 = Release|Any CPU
		{2F072F9F-BD02-4470-A19A-FC3D5D76F858}.Debug|Any CPU.ActiveCfg = Debug|Any CPU
		{2F072F9F-BD02-4470-A19A-FC3D5D76F858}.Debug|Any CPU.Build.0 = Debug|Any CPU
		{2F072F9F-BD02-4470-A19A-FC3D5D76F858}.Release|Any CPU.ActiveCfg = Release|Any CPU
		{2F072F9F-BD02-4470-A19A-FC3D5D76F858}.Release|Any CPU.Build.0 = Release|Any CPU
	EndGlobalSection
	GlobalSection(SolutionProperties) = preSolution
		HideSolutionNode = FALSE
	EndGlobalSection
	GlobalSection(ExtensibilityGlobals) = postSolution
		SolutionGuid = {0CBBBF0B-B2D0-42D7-BE57-263D239C5936}
	EndGlobalSection
EndGlobal
